// !$*UTF8*$!
{
	archiveVersion = 1;
	classes = {
	};
	objectVersion = 51;
	objects = {

/* Begin PBXBuildFile section */
		9E6EE5F6230383C600F146AF /* AppDelegate.swift in Sources */ = {isa = PBXBuildFile; fileRef = 9E6EE5F5230383C600F146AF /* AppDelegate.swift */; };
		9E6EE5FA230383C600F146AF /* SecondViewController.swift in Sources */ = {isa = PBXBuildFile; fileRef = 9E6EE5F9230383C600F146AF /* SecondViewController.swift */; };
		9E6EE5FD230383C600F146AF /* Main.storyboard in Resources */ = {isa = PBXBuildFile; fileRef = 9E6EE5FB230383C600F146AF /* Main.storyboard */; };
		9E6EE5FF230383C800F146AF /* Assets.xcassets in Resources */ = {isa = PBXBuildFile; fileRef = 9E6EE5FE230383C800F146AF /* Assets.xcassets */; };
		9E6EE602230383C800F146AF /* LaunchScreen.storyboard in Resources */ = {isa = PBXBuildFile; fileRef = 9E6EE600230383C800F146AF /* LaunchScreen.storyboard */; };
		9E6EE60B2303938E00F146AF /* NowContactViewController.swift in Sources */ = {isa = PBXBuildFile; fileRef = 9E6EE60A2303938E00F146AF /* NowContactViewController.swift */; };
		9E6EE60E2303959800F146AF /* Contact.swift in Sources */ = {isa = PBXBuildFile; fileRef = 9E6EE60D2303959800F146AF /* Contact.swift */; };
		9E74D985230B7D6A00CF5556 /* ContacViewController.swift in Sources */ = {isa = PBXBuildFile; fileRef = 9E74D984230B7D6A00CF5556 /* ContacViewController.swift */; };
		9E74D987230B84A200CF5556 /* ContactsDataSource.swift in Sources */ = {isa = PBXBuildFile; fileRef = 9E74D986230B84A200CF5556 /* ContactsDataSource.swift */; };
		9EB6F9972304698B0097CE46 /* ContactDetailViewController.swift in Sources */ = {isa = PBXBuildFile; fileRef = 9EB6F9962304698B0097CE46 /* ContactDetailViewController.swift */; };
		9F9F62BFEFC809359952C48D /* Pods_CheckinReminder.framework in Frameworks */ = {isa = PBXBuildFile; fileRef = 7EF4968C00DC14CBE61E107C /* Pods_CheckinReminder.framework */; };
/* End PBXBuildFile section */

/* Begin PBXFileReference section */
		138FDC85A0A067BACA4A0A1F /* Pods-CheckinReminder.debug.xcconfig */ = {isa = PBXFileReference; includeInIndex = 1; lastKnownFileType = text.xcconfig; name = "Pods-CheckinReminder.debug.xcconfig"; path = "Target Support Files/Pods-CheckinReminder/Pods-CheckinReminder.debug.xcconfig"; sourceTree = "<group>"; };
		7220B53F2103759FD44CF34A /* Pods-CheckinReminder.release.xcconfig */ = {isa = PBXFileReference; includeInIndex = 1; lastKnownFileType = text.xcconfig; name = "Pods-CheckinReminder.release.xcconfig"; path = "Target Support Files/Pods-CheckinReminder/Pods-CheckinReminder.release.xcconfig"; sourceTree = "<group>"; };
		7EF4968C00DC14CBE61E107C /* Pods_CheckinReminder.framework */ = {isa = PBXFileReference; explicitFileType = wrapper.framework; includeInIndex = 0; path = Pods_CheckinReminder.framework; sourceTree = BUILT_PRODUCTS_DIR; };
		9E6EE5F2230383C600F146AF /* CheckinReminder.app */ = {isa = PBXFileReference; explicitFileType = wrapper.application; includeInIndex = 0; path = CheckinReminder.app; sourceTree = BUILT_PRODUCTS_DIR; };
		9E6EE5F5230383C600F146AF /* AppDelegate.swift */ = {isa = PBXFileReference; lastKnownFileType = sourcecode.swift; path = AppDelegate.swift; sourceTree = "<group>"; };
		9E6EE5F9230383C600F146AF /* SecondViewController.swift */ = {isa = PBXFileReference; lastKnownFileType = sourcecode.swift; path = SecondViewController.swift; sourceTree = "<group>"; };
		9E6EE5FC230383C600F146AF /* Base */ = {isa = PBXFileReference; lastKnownFileType = file.storyboard; name = Base; path = Base.lproj/Main.storyboard; sourceTree = "<group>"; };
		9E6EE5FE230383C800F146AF /* Assets.xcassets */ = {isa = PBXFileReference; lastKnownFileType = folder.assetcatalog; path = Assets.xcassets; sourceTree = "<group>"; };
		9E6EE601230383C800F146AF /* Base */ = {isa = PBXFileReference; lastKnownFileType = file.storyboard; name = Base; path = Base.lproj/LaunchScreen.storyboard; sourceTree = "<group>"; };
		9E6EE603230383C800F146AF /* Info.plist */ = {isa = PBXFileReference; lastKnownFileType = text.plist.xml; path = Info.plist; sourceTree = "<group>"; };
		9E6EE60A2303938E00F146AF /* NowContactViewController.swift */ = {isa = PBXFileReference; lastKnownFileType = sourcecode.swift; path = NowContactViewController.swift; sourceTree = "<group>"; };
		9E6EE60D2303959800F146AF /* Contact.swift */ = {isa = PBXFileReference; lastKnownFileType = sourcecode.swift; path = Contact.swift; sourceTree = "<group>"; };
		9E74D984230B7D6A00CF5556 /* ContacViewController.swift */ = {isa = PBXFileReference; lastKnownFileType = sourcecode.swift; path = ContacViewController.swift; sourceTree = "<group>"; };
		9E74D986230B84A200CF5556 /* ContactsDataSource.swift */ = {isa = PBXFileReference; lastKnownFileType = sourcecode.swift; path = ContactsDataSource.swift; sourceTree = "<group>"; };
		9EB6F9962304698B0097CE46 /* ContactDetailViewController.swift */ = {isa = PBXFileReference; lastKnownFileType = sourcecode.swift; path = ContactDetailViewController.swift; sourceTree = "<group>"; };
/* End PBXFileReference section */

/* Begin PBXFrameworksBuildPhase section */
		9E6EE5EF230383C600F146AF /* Frameworks */ = {
			isa = PBXFrameworksBuildPhase;
			buildActionMask = 2147483647;
			files = (
				9F9F62BFEFC809359952C48D /* Pods_CheckinReminder.framework in Frameworks */,
			);
			runOnlyForDeploymentPostprocessing = 0;
		};
/* End PBXFrameworksBuildPhase section */

/* Begin PBXGroup section */
		05F8D820EDB456690641E35A /* Pods */ = {
			isa = PBXGroup;
			children = (
				138FDC85A0A067BACA4A0A1F /* Pods-CheckinReminder.debug.xcconfig */,
				7220B53F2103759FD44CF34A /* Pods-CheckinReminder.release.xcconfig */,
			);
			path = Pods;
			sourceTree = "<group>";
		};
		9E6EE5E9230383C600F146AF = {
			isa = PBXGroup;
			children = (
				9E6EE5F4230383C600F146AF /* CheckinReminder */,
				9E6EE5F3230383C600F146AF /* Products */,
				05F8D820EDB456690641E35A /* Pods */,
				C62E4D3AAAFA962CA21FE029 /* Frameworks */,
			);
			sourceTree = "<group>";
		};
		9E6EE5F3230383C600F146AF /* Products */ = {
			isa = PBXGroup;
			children = (
				9E6EE5F2230383C600F146AF /* CheckinReminder.app */,
			);
			name = Products;
			sourceTree = "<group>";
		};
		9E6EE5F4230383C600F146AF /* CheckinReminder */ = {
			isa = PBXGroup;
			children = (
				9E6EE60C2303958900F146AF /* Models */,
				9E6EE6092303935E00F146AF /* Controllers */,
				9E6EE5F5230383C600F146AF /* AppDelegate.swift */,
				9E6EE5F9230383C600F146AF /* SecondViewController.swift */,
				9E6EE5FB230383C600F146AF /* Main.storyboard */,
				9E6EE5FE230383C800F146AF /* Assets.xcassets */,
				9E6EE600230383C800F146AF /* LaunchScreen.storyboard */,
				9E6EE603230383C800F146AF /* Info.plist */,
			);
			path = CheckinReminder;
			sourceTree = "<group>";
		};
		9E6EE6092303935E00F146AF /* Controllers */ = {
			isa = PBXGroup;
			children = (
				9E6EE60A2303938E00F146AF /* NowContactViewController.swift */,
				9EB6F9962304698B0097CE46 /* ContactDetailViewController.swift */,
				9E74D984230B7D6A00CF5556 /* ContacViewController.swift */,
				9E74D986230B84A200CF5556 /* ContactsDataSource.swift */,
			);
			path = Controllers;
			sourceTree = "<group>";
		};
		9E6EE60C2303958900F146AF /* Models */ = {
			isa = PBXGroup;
			children = (
				9E6EE60D2303959800F146AF /* Contact.swift */,
			);
			path = Models;
			sourceTree = "<group>";
		};
		C62E4D3AAAFA962CA21FE029 /* Frameworks */ = {
			isa = PBXGroup;
			children = (
				7EF4968C00DC14CBE61E107C /* Pods_CheckinReminder.framework */,
			);
			name = Frameworks;
			sourceTree = "<group>";
		};
/* End PBXGroup section */

/* Begin PBXNativeTarget section */
		9E6EE5F1230383C600F146AF /* CheckinReminder */ = {
			isa = PBXNativeTarget;
			buildConfigurationList = 9E6EE606230383C800F146AF /* Build configuration list for PBXNativeTarget "CheckinReminder" */;
			buildPhases = (
				2E2ABF4BA12A8A422CB8998D /* [CP] Check Pods Manifest.lock */,
				9E6EE5EE230383C600F146AF /* Sources */,
				9E6EE5EF230383C600F146AF /* Frameworks */,
				9E6EE5F0230383C600F146AF /* Resources */,
				B0CB50D5476270E8CD8CC858 /* [CP] Embed Pods Frameworks */,
			);
			buildRules = (
			);
			dependencies = (
			);
			name = CheckinReminder;
			productName = CheckinReminder;
			productReference = 9E6EE5F2230383C600F146AF /* CheckinReminder.app */;
			productType = "com.apple.product-type.application";
		};
/* End PBXNativeTarget section */

/* Begin PBXProject section */
		9E6EE5EA230383C600F146AF /* Project object */ = {
			isa = PBXProject;
			attributes = {
				LastSwiftUpdateCheck = 1030;
				LastUpgradeCheck = 1030;
				ORGANIZATIONNAME = "Biang Studio";
				TargetAttributes = {
					9E6EE5F1230383C600F146AF = {
						CreatedOnToolsVersion = 10.3;
					};
				};
			};
			buildConfigurationList = 9E6EE5ED230383C600F146AF /* Build configuration list for PBXProject "CheckinReminder" */;
			compatibilityVersion = "Xcode 9.3";
			developmentRegion = en;
			hasScannedForEncodings = 0;
			knownRegions = (
				en,
				Base,
			);
			mainGroup = 9E6EE5E9230383C600F146AF;
			productRefGroup = 9E6EE5F3230383C600F146AF /* Products */;
			projectDirPath = "";
			projectRoot = "";
			targets = (
				9E6EE5F1230383C600F146AF /* CheckinReminder */,
			);
		};
/* End PBXProject section */

/* Begin PBXResourcesBuildPhase section */
		9E6EE5F0230383C600F146AF /* Resources */ = {
			isa = PBXResourcesBuildPhase;
			buildActionMask = 2147483647;
			files = (
				9E6EE602230383C800F146AF /* LaunchScreen.storyboard in Resources */,
				9E6EE5FF230383C800F146AF /* Assets.xcassets in Resources */,
				9E6EE5FD230383C600F146AF /* Main.storyboard in Resources */,
			);
			runOnlyForDeploymentPostprocessing = 0;
		};
/* End PBXResourcesBuildPhase section */

/* Begin PBXShellScriptBuildPhase section */
		2E2ABF4BA12A8A422CB8998D /* [CP] Check Pods Manifest.lock */ = {
			isa = PBXShellScriptBuildPhase;
			buildActionMask = 2147483647;
			files = (
			);
			inputFileListPaths = (
			);
			inputPaths = (
				"${PODS_PODFILE_DIR_PATH}/Podfile.lock",
				"${PODS_ROOT}/Manifest.lock",
			);
			name = "[CP] Check Pods Manifest.lock";
			outputFileListPaths = (
			);
			outputPaths = (
				"$(DERIVED_FILE_DIR)/Pods-CheckinReminder-checkManifestLockResult.txt",
			);
			runOnlyForDeploymentPostprocessing = 0;
			shellPath = /bin/sh;
			shellScript = "diff \"${PODS_PODFILE_DIR_PATH}/Podfile.lock\" \"${PODS_ROOT}/Manifest.lock\" > /dev/null\nif [ $? != 0 ] ; then\n    # print error to STDERR\n    echo \"error: The sandbox is not in sync with the Podfile.lock. Run 'pod install' or update your CocoaPods installation.\" >&2\n    exit 1\nfi\n# This output is used by Xcode 'outputs' to avoid re-running this script phase.\necho \"SUCCESS\" > \"${SCRIPT_OUTPUT_FILE_0}\"\n";
			showEnvVarsInLog = 0;
		};
		B0CB50D5476270E8CD8CC858 /* [CP] Embed Pods Frameworks */ = {
			isa = PBXShellScriptBuildPhase;
			buildActionMask = 2147483647;
			files = (
			);
			inputFileListPaths = (
				"${PODS_ROOT}/Target Support Files/Pods-CheckinReminder/Pods-CheckinReminder-frameworks-${CONFIGURATION}-input-files.xcfilelist",
			);
			name = "[CP] Embed Pods Frameworks";
			outputFileListPaths = (
				"${PODS_ROOT}/Target Support Files/Pods-CheckinReminder/Pods-CheckinReminder-frameworks-${CONFIGURATION}-output-files.xcfilelist",
			);
			runOnlyForDeploymentPostprocessing = 0;
			shellPath = /bin/sh;
			shellScript = "\"${PODS_ROOT}/Target Support Files/Pods-CheckinReminder/Pods-CheckinReminder-frameworks.sh\"\n";
			showEnvVarsInLog = 0;
		};
/* End PBXShellScriptBuildPhase section */

/* Begin PBXSourcesBuildPhase section */
		9E6EE5EE230383C600F146AF /* Sources */ = {
			isa = PBXSourcesBuildPhase;
			buildActionMask = 2147483647;
			files = (
				9E6EE60E2303959800F146AF /* Contact.swift in Sources */,
				9EB6F9972304698B0097CE46 /* ContactDetailViewController.swift in Sources */,
				9E6EE5FA230383C600F146AF /* SecondViewController.swift in Sources */,
				9E6EE60B2303938E00F146AF /* NowContactViewController.swift in Sources */,
				9E74D985230B7D6A00CF5556 /* ContacViewController.swift in Sources */,
				9E74D987230B84A200CF5556 /* ContactsDataSource.swift in Sources */,
				9E6EE5F6230383C600F146AF /* AppDelegate.swift in Sources */,
			);
			runOnlyForDeploymentPostprocessing = 0;
		};
/* End PBXSourcesBuildPhase section */

/* Begin PBXVariantGroup section */
		9E6EE5FB230383C600F146AF /* Main.storyboard */ = {
			isa = PBXVariantGroup;
			children = (
				9E6EE5FC230383C600F146AF /* Base */,
			);
			name = Main.storyboard;
			sourceTree = "<group>";
		};
		9E6EE600230383C800F146AF /* LaunchScreen.storyboard */ = {
			isa = PBXVariantGroup;
			children = (
				9E6EE601230383C800F146AF /* Base */,
			);
			name = LaunchScreen.storyboard;
			sourceTree = "<group>";
		};
/* End PBXVariantGroup section */

/* Begin XCBuildConfiguration section */
		9E6EE604230383C800F146AF /* Debug */ = {
			isa = XCBuildConfiguration;
			buildSettings = {
				ALWAYS_SEARCH_USER_PATHS = NO;
				CLANG_ANALYZER_NONNULL = YES;
				CLANG_ANALYZER_NUMBER_OBJECT_CONVERSION = YES_AGGRESSIVE;
				CLANG_CXX_LANGUAGE_STANDARD = "gnu++14";
				CLANG_CXX_LIBRARY = "libc++";
				CLANG_ENABLE_MODULES = YES;
				CLANG_ENABLE_OBJC_ARC = YES;
				CLANG_ENABLE_OBJC_WEAK = YES;
				CLANG_WARN_BLOCK_CAPTURE_AUTORELEASING = YES;
				CLANG_WARN_BOOL_CONVERSION = YES;
				CLANG_WARN_COMMA = YES;
				CLANG_WARN_CONSTANT_CONVERSION = YES;
				CLANG_WARN_DEPRECATED_OBJC_IMPLEMENTATIONS = YES;
				CLANG_WARN_DIRECT_OBJC_ISA_USAGE = YES_ERROR;
				CLANG_WARN_DOCUMENTATION_COMMENTS = YES;
				CLANG_WARN_EMPTY_BODY = YES;
				CLANG_WARN_ENUM_CONVERSION = YES;
				CLANG_WARN_INFINITE_RECURSION = YES;
				CLANG_WARN_INT_CONVERSION = YES;
				CLANG_WARN_NON_LITERAL_NULL_CONVERSION = YES;
				CLANG_WARN_OBJC_IMPLICIT_RETAIN_SELF = YES;
				CLANG_WARN_OBJC_LITERAL_CONVERSION = YES;
				CLANG_WARN_OBJC_ROOT_CLASS = YES_ERROR;
				CLANG_WARN_RANGE_LOOP_ANALYSIS = YES;
				CLANG_WARN_STRICT_PROTOTYPES = YES;
				CLANG_WARN_SUSPICIOUS_MOVE = YES;
				CLANG_WARN_UNGUARDED_AVAILABILITY = YES_AGGRESSIVE;
				CLANG_WARN_UNREACHABLE_CODE = YES;
				CLANG_WARN__DUPLICATE_METHOD_MATCH = YES;
				CODE_SIGN_IDENTITY = "iPhone Developer";
				COPY_PHASE_STRIP = NO;
				DEBUG_INFORMATION_FORMAT = dwarf;
				ENABLE_STRICT_OBJC_MSGSEND = YES;
				ENABLE_TESTABILITY = YES;
				GCC_C_LANGUAGE_STANDARD = gnu11;
				GCC_DYNAMIC_NO_PIC = NO;
				GCC_NO_COMMON_BLOCKS = YES;
				GCC_OPTIMIZATION_LEVEL = 0;
				GCC_PREPROCESSOR_DEFINITIONS = (
					"DEBUG=1",
					"$(inherited)",
				);
				GCC_WARN_64_TO_32_BIT_CONVERSION = YES;
				GCC_WARN_ABOUT_RETURN_TYPE = YES_ERROR;
				GCC_WARN_UNDECLARED_SELECTOR = YES;
				GCC_WARN_UNINITIALIZED_AUTOS = YES_AGGRESSIVE;
				GCC_WARN_UNUSED_FUNCTION = YES;
				GCC_WARN_UNUSED_VARIABLE = YES;
				IPHONEOS_DEPLOYMENT_TARGET = 12.4;
				MTL_ENABLE_DEBUG_INFO = INCLUDE_SOURCE;
				MTL_FAST_MATH = YES;
				ONLY_ACTIVE_ARCH = YES;
				SDKROOT = iphoneos;
				SWIFT_ACTIVE_COMPILATION_CONDITIONS = DEBUG;
				SWIFT_OPTIMIZATION_LEVEL = "-Onone";
			};
			name = Debug;
		};
		9E6EE605230383C800F146AF /* Release */ = {
			isa = XCBuildConfiguration;
			buildSettings = {
				ALWAYS_SEARCH_USER_PATHS = NO;
				CLANG_ANALYZER_NONNULL = YES;
				CLANG_ANALYZER_NUMBER_OBJECT_CONVERSION = YES_AGGRESSIVE;
				CLANG_CXX_LANGUAGE_STANDARD = "gnu++14";
				CLANG_CXX_LIBRARY = "libc++";
				CLANG_ENABLE_MODULES = YES;
				CLANG_ENABLE_OBJC_ARC = YES;
				CLANG_ENABLE_OBJC_WEAK = YES;
				CLANG_WARN_BLOCK_CAPTURE_AUTORELEASING = YES;
				CLANG_WARN_BOOL_CONVERSION = YES;
				CLANG_WARN_COMMA = YES;
				CLANG_WARN_CONSTANT_CONVERSION = YES;
				CLANG_WARN_DEPRECATED_OBJC_IMPLEMENTATIONS = YES;
				CLANG_WARN_DIRECT_OBJC_ISA_USAGE = YES_ERROR;
				CLANG_WARN_DOCUMENTATION_COMMENTS = YES;
				CLANG_WARN_EMPTY_BODY = YES;
				CLANG_WARN_ENUM_CONVERSION = YES;
				CLANG_WARN_INFINITE_RECURSION = YES;
				CLANG_WARN_INT_CONVERSION = YES;
				CLANG_WARN_NON_LITERAL_NULL_CONVERSION = YES;
				CLANG_WARN_OBJC_IMPLICIT_RETAIN_SELF = YES;
				CLANG_WARN_OBJC_LITERAL_CONVERSION = YES;
				CLANG_WARN_OBJC_ROOT_CLASS = YES_ERROR;
				CLANG_WARN_RANGE_LOOP_ANALYSIS = YES;
				CLANG_WARN_STRICT_PROTOTYPES = YES;
				CLANG_WARN_SUSPICIOUS_MOVE = YES;
				CLANG_WARN_UNGUARDED_AVAILABILITY = YES_AGGRESSIVE;
				CLANG_WARN_UNREACHABLE_CODE = YES;
				CLANG_WARN__DUPLICATE_METHOD_MATCH = YES;
				CODE_SIGN_IDENTITY = "iPhone Developer";
				COPY_PHASE_STRIP = NO;
				DEBUG_INFORMATION_FORMAT = "dwarf-with-dsym";
				ENABLE_NS_ASSERTIONS = NO;
				ENABLE_STRICT_OBJC_MSGSEND = YES;
				GCC_C_LANGUAGE_STANDARD = gnu11;
				GCC_NO_COMMON_BLOCKS = YES;
				GCC_WARN_64_TO_32_BIT_CONVERSION = YES;
				GCC_WARN_ABOUT_RETURN_TYPE = YES_ERROR;
				GCC_WARN_UNDECLARED_SELECTOR = YES;
				GCC_WARN_UNINITIALIZED_AUTOS = YES_AGGRESSIVE;
				GCC_WARN_UNUSED_FUNCTION = YES;
				GCC_WARN_UNUSED_VARIABLE = YES;
				IPHONEOS_DEPLOYMENT_TARGET = 12.4;
				MTL_ENABLE_DEBUG_INFO = NO;
				MTL_FAST_MATH = YES;
				SDKROOT = iphoneos;
				SWIFT_COMPILATION_MODE = wholemodule;
				SWIFT_OPTIMIZATION_LEVEL = "-O";
				VALIDATE_PRODUCT = YES;
			};
			name = Release;
		};
		9E6EE607230383C800F146AF /* Debug */ = {
			isa = XCBuildConfiguration;
			baseConfigurationReference = 138FDC85A0A067BACA4A0A1F /* Pods-CheckinReminder.debug.xcconfig */;
			buildSettings = {
				ASSETCATALOG_COMPILER_APPICON_NAME = AppIcon;
				CODE_SIGN_STYLE = Automatic;
				DEVELOPMENT_TEAM = S42H4GE96X;
				INFOPLIST_FILE = CheckinReminder/Info.plist;
				LD_RUNPATH_SEARCH_PATHS = (
					"$(inherited)",
					"@executable_path/Frameworks",
				);
				PRODUCT_BUNDLE_IDENTIFIER = com.biang.CheckinReminder;
				PRODUCT_NAME = "$(TARGET_NAME)";
				SWIFT_VERSION = 5.0;
				TARGETED_DEVICE_FAMILY = "1,2";
			};
			name = Debug;
		};
		9E6EE608230383C800F146AF /* Release */ = {
			isa = XCBuildConfiguration;
			baseConfigurationReference = 7220B53F2103759FD44CF34A /* Pods-CheckinReminder.release.xcconfig */;
			buildSettings = {
				ASSETCATALOG_COMPILER_APPICON_NAME = AppIcon;
				CODE_SIGN_STYLE = Automatic;
				DEVELOPMENT_TEAM = S42H4GE96X;
				INFOPLIST_FILE = CheckinReminder/Info.plist;
				LD_RUNPATH_SEARCH_PATHS = (
					"$(inherited)",
					"@executable_path/Frameworks",
				);
				PRODUCT_BUNDLE_IDENTIFIER = com.biang.CheckinReminder;
				PRODUCT_NAME = "$(TARGET_NAME)";
				SWIFT_VERSION = 5.0;
				TARGETED_DEVICE_FAMILY = "1,2";
			};
			name = Release;
		};
/* End XCBuildConfiguration section */

/* Begin XCConfigurationList section */
		9E6EE5ED230383C600F146AF /* Build configuration list for PBXProject "CheckinReminder" */ = {
			isa = XCConfigurationList;
			buildConfigurations = (
				9E6EE604230383C800F146AF /* Debug */,
				9E6EE605230383C800F146AF /* Release */,
			);
			defaultConfigurationIsVisible = 0;
			defaultConfigurationName = Release;
		};
		9E6EE606230383C800F146AF /* Build configuration list for PBXNativeTarget "CheckinReminder" */ = {
			isa = XCConfigurationList;
			buildConfigurations = (
				9E6EE607230383C800F146AF /* Debug */,
				9E6EE608230383C800F146AF /* Release */,
			);
			defaultConfigurationIsVisible = 0;
			defaultConfigurationName = Release;
		};
/* End XCConfigurationList section */
	};
	rootObject = 9E6EE5EA230383C600F146AF /* Project object */;
}
